
Microsoft Visual Studio Solution File, Format Version 12.00
# Visual Studio Version 16
VisualStudioVersion = 25.0.1703.6
MinimumVisualStudioVersion = 10.0.40219.1
Project("{FAE04EC0-301F-11D3-BF4B-00C04F79EFBC}") = "AssestTrackingDBProject", "AssestTrackingDBProject\AssestTrackingDBProject.csproj", "{D42A8FC7-6C9B-4269-BEDB-AA3B08D52EBD}"
EndProject
Global
	GlobalSection(SolutionConfigurationPlatforms) = preSolution
		Debug|Any CPU = Debug|Any CPU
		Release|Any CPU = Release|Any CPU
	EndGlobalSection
	GlobalSection(ProjectConfigurationPlatforms) = postSolution
		{D42A8FC7-6C9B-4269-BEDB-AA3B08D52EBD}.Debug|Any CPU.ActiveCfg = Debug|Any CPU
		{D42A8FC7-6C9B-4269-BEDB-AA3B08D52EBD}.Debug|Any CPU.Build.0 = Debug|Any CPU
		{D42A8FC7-6C9B-4269-BEDB-AA3B08D52EBD}.Release|Any CPU.ActiveCfg = Release|Any CPU
		{D42A8FC7-6C9B-4269-BEDB-AA3B08D52EBD}.Release|Any CPU.Build.0 = Release|Any CPU
	EndGlobalSection
	GlobalSection(SolutionProperties) = preSolution
		HideSolutionNode = FALSE
	EndGlobalSection
	GlobalSection(ExtensibilityGlobals) = postSolution
		SolutionGuid = {53BDBFF1-159D-4B33-BD99-4F8B1D0C8F5F}
	EndGlobalSection
EndGlobal
